// !$*UTF8*$!
{
	archiveVersion = 1;
	classes = {
	};
	objectVersion = 56;
	objects = {

/* Begin PBXBuildFile section */
		3801D0351691DF1CC8659E06 /* Pods_Weather1_0.framework in Frameworks */ = {isa = PBXBuildFile; fileRef = EE1CCE97CD083E4B8C049EB6 /* Pods_Weather1_0.framework */; };
		F95E90342A94F86B00AA559D /* AppDelegate.swift in Sources */ = {isa = PBXBuildFile; fileRef = F95E90332A94F86B00AA559D /* AppDelegate.swift */; };
		F95E90362A94F86B00AA559D /* SceneDelegate.swift in Sources */ = {isa = PBXBuildFile; fileRef = F95E90352A94F86B00AA559D /* SceneDelegate.swift */; };
		F95E903D2A94F86C00AA559D /* Assets.xcassets in Resources */ = {isa = PBXBuildFile; fileRef = F95E903C2A94F86C00AA559D /* Assets.xcassets */; };
		F95E90402A94F86C00AA559D /* LaunchScreen.storyboard in Resources */ = {isa = PBXBuildFile; fileRef = F95E903E2A94F86C00AA559D /* LaunchScreen.storyboard */; };
		F978460D2A9D06B3006CAC35 /* Dispatcher.swift in Sources */ = {isa = PBXBuildFile; fileRef = F978460C2A9D06B3006CAC35 /* Dispatcher.swift */; };
		F978460F2A9D0AA8006CAC35 /* Environment.swift in Sources */ = {isa = PBXBuildFile; fileRef = F978460E2A9D0AA8006CAC35 /* Environment.swift */; };
		F97846212AA24C70006CAC35 /* WeatherNetworkDispatcher.swift in Sources */ = {isa = PBXBuildFile; fileRef = F97846202AA24C70006CAC35 /* WeatherNetworkDispatcher.swift */; };
		F97846232AA255A7006CAC35 /* Response.swift in Sources */ = {isa = PBXBuildFile; fileRef = F97846222AA255A7006CAC35 /* Response.swift */; };
		F97846252AA25AAB006CAC35 /* Operation.swift in Sources */ = {isa = PBXBuildFile; fileRef = F97846242AA25AAB006CAC35 /* Operation.swift */; };
		F97846272AA25B3C006CAC35 /* WeatherNetworkTask.swift in Sources */ = {isa = PBXBuildFile; fileRef = F97846262AA25B3C006CAC35 /* WeatherNetworkTask.swift */; };
		F97846292AA25E3F006CAC35 /* CurrentWeatherModel.swift in Sources */ = {isa = PBXBuildFile; fileRef = F97846282AA25E3F006CAC35 /* CurrentWeatherModel.swift */; };
		F978462B2AA3BF93006CAC35 /* SearchAutoCompleteModel.swift in Sources */ = {isa = PBXBuildFile; fileRef = F978462A2AA3BF93006CAC35 /* SearchAutoCompleteModel.swift */; };
		F9C133A32A9B99F4001C31E6 /* Request.swift in Sources */ = {isa = PBXBuildFile; fileRef = F9C133A22A9B99F4001C31E6 /* Request.swift */; };
		F9C133A82A9BA5A2001C31E6 /* WeatherRequests.swift in Sources */ = {isa = PBXBuildFile; fileRef = F9C133A72A9BA5A2001C31E6 /* WeatherRequests.swift */; };
/* End PBXBuildFile section */

/* Begin PBXFileReference section */
		38B8A15BCF630B8E8168D8E9 /* Pods-Weather1.0.debug.xcconfig */ = {isa = PBXFileReference; includeInIndex = 1; lastKnownFileType = text.xcconfig; name = "Pods-Weather1.0.debug.xcconfig"; path = "Target Support Files/Pods-Weather1.0/Pods-Weather1.0.debug.xcconfig"; sourceTree = "<group>"; };
		8C4B1857CCD95EAC5E9587F7 /* Pods-Weather1.0.release.xcconfig */ = {isa = PBXFileReference; includeInIndex = 1; lastKnownFileType = text.xcconfig; name = "Pods-Weather1.0.release.xcconfig"; path = "Target Support Files/Pods-Weather1.0/Pods-Weather1.0.release.xcconfig"; sourceTree = "<group>"; };
		EE1CCE97CD083E4B8C049EB6 /* Pods_Weather1_0.framework */ = {isa = PBXFileReference; explicitFileType = wrapper.framework; includeInIndex = 0; path = Pods_Weather1_0.framework; sourceTree = BUILT_PRODUCTS_DIR; };
		F95E90302A94F86B00AA559D /* Weather1.0.app */ = {isa = PBXFileReference; explicitFileType = wrapper.application; includeInIndex = 0; path = Weather1.0.app; sourceTree = BUILT_PRODUCTS_DIR; };
		F95E90332A94F86B00AA559D /* AppDelegate.swift */ = {isa = PBXFileReference; lastKnownFileType = sourcecode.swift; path = AppDelegate.swift; sourceTree = "<group>"; };
		F95E90352A94F86B00AA559D /* SceneDelegate.swift */ = {isa = PBXFileReference; lastKnownFileType = sourcecode.swift; path = SceneDelegate.swift; sourceTree = "<group>"; };
		F95E903C2A94F86C00AA559D /* Assets.xcassets */ = {isa = PBXFileReference; lastKnownFileType = folder.assetcatalog; path = Assets.xcassets; sourceTree = "<group>"; };
		F95E903F2A94F86C00AA559D /* Base */ = {isa = PBXFileReference; lastKnownFileType = file.storyboard; name = Base; path = Base.lproj/LaunchScreen.storyboard; sourceTree = "<group>"; };
		F95E90412A94F86C00AA559D /* Info.plist */ = {isa = PBXFileReference; lastKnownFileType = text.plist.xml; path = Info.plist; sourceTree = "<group>"; };
		F978460C2A9D06B3006CAC35 /* Dispatcher.swift */ = {isa = PBXFileReference; lastKnownFileType = sourcecode.swift; path = Dispatcher.swift; sourceTree = "<group>"; };
		F978460E2A9D0AA8006CAC35 /* Environment.swift */ = {isa = PBXFileReference; lastKnownFileType = sourcecode.swift; path = Environment.swift; sourceTree = "<group>"; };
		F97846202AA24C70006CAC35 /* WeatherNetworkDispatcher.swift */ = {isa = PBXFileReference; lastKnownFileType = sourcecode.swift; path = WeatherNetworkDispatcher.swift; sourceTree = "<group>"; };
		F97846222AA255A7006CAC35 /* Response.swift */ = {isa = PBXFileReference; lastKnownFileType = sourcecode.swift; path = Response.swift; sourceTree = "<group>"; };
		F97846242AA25AAB006CAC35 /* Operation.swift */ = {isa = PBXFileReference; lastKnownFileType = sourcecode.swift; path = Operation.swift; sourceTree = "<group>"; };
		F97846262AA25B3C006CAC35 /* WeatherNetworkTask.swift */ = {isa = PBXFileReference; lastKnownFileType = sourcecode.swift; path = WeatherNetworkTask.swift; sourceTree = "<group>"; };
		F97846282AA25E3F006CAC35 /* CurrentWeatherModel.swift */ = {isa = PBXFileReference; lastKnownFileType = sourcecode.swift; path = CurrentWeatherModel.swift; sourceTree = "<group>"; };
		F978462A2AA3BF93006CAC35 /* SearchAutoCompleteModel.swift */ = {isa = PBXFileReference; lastKnownFileType = sourcecode.swift; path = SearchAutoCompleteModel.swift; sourceTree = "<group>"; };
		F9C133A22A9B99F4001C31E6 /* Request.swift */ = {isa = PBXFileReference; lastKnownFileType = sourcecode.swift; path = Request.swift; sourceTree = "<group>"; };
		F9C133A72A9BA5A2001C31E6 /* WeatherRequests.swift */ = {isa = PBXFileReference; lastKnownFileType = sourcecode.swift; path = WeatherRequests.swift; sourceTree = "<group>"; };
/* End PBXFileReference section */

/* Begin PBXFrameworksBuildPhase section */
		F95E902D2A94F86B00AA559D /* Frameworks */ = {
			isa = PBXFrameworksBuildPhase;
			buildActionMask = 2147483647;
			files = (
				3801D0351691DF1CC8659E06 /* Pods_Weather1_0.framework in Frameworks */,
			);
			runOnlyForDeploymentPostprocessing = 0;
		};
/* End PBXFrameworksBuildPhase section */

/* Begin PBXGroup section */
		59683A91D44E927962DF3359 /* Pods */ = {
			isa = PBXGroup;
			children = (
				38B8A15BCF630B8E8168D8E9 /* Pods-Weather1.0.debug.xcconfig */,
				8C4B1857CCD95EAC5E9587F7 /* Pods-Weather1.0.release.xcconfig */,
			);
			path = Pods;
			sourceTree = "<group>";
		};
		A71E60DFC90CEDB03931A936 /* Frameworks */ = {
			isa = PBXGroup;
			children = (
				EE1CCE97CD083E4B8C049EB6 /* Pods_Weather1_0.framework */,
			);
			name = Frameworks;
			sourceTree = "<group>";
		};
		F934ABAB2AAA140900F98B8E /* WeatherNetworking */ = {
			isa = PBXGroup;
			children = (
				F9C133A72A9BA5A2001C31E6 /* WeatherRequests.swift */,
				F97846202AA24C70006CAC35 /* WeatherNetworkDispatcher.swift */,
				F97846262AA25B3C006CAC35 /* WeatherNetworkTask.swift */,
			);
			path = WeatherNetworking;
			sourceTree = "<group>";
		};
		F95E90272A94F86B00AA559D = {
			isa = PBXGroup;
			children = (
				F95E90322A94F86B00AA559D /* Weather1.0 */,
				F95E90312A94F86B00AA559D /* Products */,
				59683A91D44E927962DF3359 /* Pods */,
				A71E60DFC90CEDB03931A936 /* Frameworks */,
			);
			sourceTree = "<group>";
		};
		F95E90312A94F86B00AA559D /* Products */ = {
			isa = PBXGroup;
			children = (
				F95E90302A94F86B00AA559D /* Weather1.0.app */,
			);
			name = Products;
			sourceTree = "<group>";
		};
		F95E90322A94F86B00AA559D /* Weather1.0 */ = {
			isa = PBXGroup;
			children = (
				F9C133A42A9BA4C2001C31E6 /* Networking */,
				F95E90472A94FAE700AA559D /* Models */,
				F95E90482A94FAF100AA559D /* Views */,
				F95E90492A94FB0200AA559D /* ViewModels */,
				F9FFEC322AC17D2E00C21077 /* Services */,
				F9FFEC312AC17D2300C21077 /* Coordinators */,
				F95E90332A94F86B00AA559D /* AppDelegate.swift */,
				F95E90352A94F86B00AA559D /* SceneDelegate.swift */,
				F95E903C2A94F86C00AA559D /* Assets.xcassets */,
				F95E903E2A94F86C00AA559D /* LaunchScreen.storyboard */,
				F95E90412A94F86C00AA559D /* Info.plist */,
			);
			path = Weather1.0;
			sourceTree = "<group>";
		};
		F95E90472A94FAE700AA559D /* Models */ = {
			isa = PBXGroup;
			children = (
				F97846282AA25E3F006CAC35 /* CurrentWeatherModel.swift */,
				F978462A2AA3BF93006CAC35 /* SearchAutoCompleteModel.swift */,
			);
			path = Models;
			sourceTree = "<group>";
		};
		F95E90482A94FAF100AA559D /* Views */ = {
			isa = PBXGroup;
			children = (
			);
			path = Views;
			sourceTree = "<group>";
		};
		F95E90492A94FB0200AA559D /* ViewModels */ = {
			isa = PBXGroup;
			children = (
			);
			path = ViewModels;
			sourceTree = "<group>";
		};
		F9C133A12A9B99B5001C31E6 /* NetworkLayers */ = {
			isa = PBXGroup;
			children = (
				F9C133A22A9B99F4001C31E6 /* Request.swift */,
				F978460E2A9D0AA8006CAC35 /* Environment.swift */,
				F978460C2A9D06B3006CAC35 /* Dispatcher.swift */,
				F97846222AA255A7006CAC35 /* Response.swift */,
				F97846242AA25AAB006CAC35 /* Operation.swift */,
			);
			path = NetworkLayers;
			sourceTree = "<group>";
		};
		F9C133A42A9BA4C2001C31E6 /* Networking */ = {
			isa = PBXGroup;
			children = (
				F9C133A12A9B99B5001C31E6 /* NetworkLayers */,
				F934ABAB2AAA140900F98B8E /* WeatherNetworking */,
			);
			path = Networking;
			sourceTree = "<group>";
		};
		F9FFEC312AC17D2300C21077 /* Coordinators */ = {
			isa = PBXGroup;
			children = (
			);
			path = Coordinators;
			sourceTree = "<group>";
		};
		F9FFEC322AC17D2E00C21077 /* Services */ = {
			isa = PBXGroup;
			children = (
			);
			path = Services;
			sourceTree = "<group>";
		};
/* End PBXGroup section */

/* Begin PBXNativeTarget section */
		F95E902F2A94F86B00AA559D /* Weather1.0 */ = {
			isa = PBXNativeTarget;
			buildConfigurationList = F95E90442A94F86C00AA559D /* Build configuration list for PBXNativeTarget "Weather1.0" */;
			buildPhases = (
				48BA57F593D4C3B7884B69FF /* [CP] Check Pods Manifest.lock */,
				F95E902C2A94F86B00AA559D /* Sources */,
				F95E902D2A94F86B00AA559D /* Frameworks */,
				F95E902E2A94F86B00AA559D /* Resources */,
				C325ECD52C989CD043941F40 /* [CP] Embed Pods Frameworks */,
			);
			buildRules = (
			);
			dependencies = (
			);
			name = Weather1.0;
			productName = Weather1.0;
			productReference = F95E90302A94F86B00AA559D /* Weather1.0.app */;
			productType = "com.apple.product-type.application";
		};
/* End PBXNativeTarget section */

/* Begin PBXProject section */
		F95E90282A94F86B00AA559D /* Project object */ = {
			isa = PBXProject;
			attributes = {
				BuildIndependentTargetsInParallel = 1;
				LastSwiftUpdateCheck = 1430;
				LastUpgradeCheck = 1500;
				TargetAttributes = {
					F95E902F2A94F86B00AA559D = {
						CreatedOnToolsVersion = 14.3.1;
					};
				};
			};
			buildConfigurationList = F95E902B2A94F86B00AA559D /* Build configuration list for PBXProject "Weather1.0" */;
			compatibilityVersion = "Xcode 14.0";
			developmentRegion = en;
			hasScannedForEncodings = 0;
			knownRegions = (
				en,
				Base,
			);
			mainGroup = F95E90272A94F86B00AA559D;
			productRefGroup = F95E90312A94F86B00AA559D /* Products */;
			projectDirPath = "";
			projectRoot = "";
			targets = (
				F95E902F2A94F86B00AA559D /* Weather1.0 */,
			);
		};
/* End PBXProject section */

/* Begin PBXResourcesBuildPhase section */
		F95E902E2A94F86B00AA559D /* Resources */ = {
			isa = PBXResourcesBuildPhase;
			buildActionMask = 2147483647;
			files = (
				F95E90402A94F86C00AA559D /* LaunchScreen.storyboard in Resources */,
				F95E903D2A94F86C00AA559D /* Assets.xcassets in Resources */,
			);
			runOnlyForDeploymentPostprocessing = 0;
		};
/* End PBXResourcesBuildPhase section */

/* Begin PBXShellScriptBuildPhase section */
		48BA57F593D4C3B7884B69FF /* [CP] Check Pods Manifest.lock */ = {
			isa = PBXShellScriptBuildPhase;
			buildActionMask = 2147483647;
			files = (
			);
			inputFileListPaths = (
			);
			inputPaths = (
				"${PODS_PODFILE_DIR_PATH}/Podfile.lock",
				"${PODS_ROOT}/Manifest.lock",
			);
			name = "[CP] Check Pods Manifest.lock";
			outputFileListPaths = (
			);
			outputPaths = (
				"$(DERIVED_FILE_DIR)/Pods-Weather1.0-checkManifestLockResult.txt",
			);
			runOnlyForDeploymentPostprocessing = 0;
			shellPath = /bin/sh;
			shellScript = "diff \"${PODS_PODFILE_DIR_PATH}/Podfile.lock\" \"${PODS_ROOT}/Manifest.lock\" > /dev/null\nif [ $? != 0 ] ; then\n    # print error to STDERR\n    echo \"error: The sandbox is not in sync with the Podfile.lock. Run 'pod install' or update your CocoaPods installation.\" >&2\n    exit 1\nfi\n# This output is used by Xcode 'outputs' to avoid re-running this script phase.\necho \"SUCCESS\" > \"${SCRIPT_OUTPUT_FILE_0}\"\n";
			showEnvVarsInLog = 0;
		};
		C325ECD52C989CD043941F40 /* [CP] Embed Pods Frameworks */ = {
			isa = PBXShellScriptBuildPhase;
			buildActionMask = 2147483647;
			files = (
			);
			inputFileListPaths = (
				"${PODS_ROOT}/Target Support Files/Pods-Weather1.0/Pods-Weather1.0-frameworks-${CONFIGURATION}-input-files.xcfilelist",
			);
			name = "[CP] Embed Pods Frameworks";
			outputFileListPaths = (
				"${PODS_ROOT}/Target Support Files/Pods-Weather1.0/Pods-Weather1.0-frameworks-${CONFIGURATION}-output-files.xcfilelist",
			);
			runOnlyForDeploymentPostprocessing = 0;
			shellPath = /bin/sh;
			shellScript = "\"${PODS_ROOT}/Target Support Files/Pods-Weather1.0/Pods-Weather1.0-frameworks.sh\"\n";
			showEnvVarsInLog = 0;
		};
/* End PBXShellScriptBuildPhase section */

/* Begin PBXSourcesBuildPhase section */
		F95E902C2A94F86B00AA559D /* Sources */ = {
			isa = PBXSourcesBuildPhase;
			buildActionMask = 2147483647;
			files = (
				F97846232AA255A7006CAC35 /* Response.swift in Sources */,
				F97846212AA24C70006CAC35 /* WeatherNetworkDispatcher.swift in Sources */,
				F978462B2AA3BF93006CAC35 /* SearchAutoCompleteModel.swift in Sources */,
				F97846292AA25E3F006CAC35 /* CurrentWeatherModel.swift in Sources */,
				F9C133A82A9BA5A2001C31E6 /* WeatherRequests.swift in Sources */,
				F978460F2A9D0AA8006CAC35 /* Environment.swift in Sources */,
				F95E90342A94F86B00AA559D /* AppDelegate.swift in Sources */,
				F97846252AA25AAB006CAC35 /* Operation.swift in Sources */,
				F9C133A32A9B99F4001C31E6 /* Request.swift in Sources */,
				F95E90362A94F86B00AA559D /* SceneDelegate.swift in Sources */,
				F97846272AA25B3C006CAC35 /* WeatherNetworkTask.swift in Sources */,
				F978460D2A9D06B3006CAC35 /* Dispatcher.swift in Sources */,
			);
			runOnlyForDeploymentPostprocessing = 0;
		};
/* End PBXSourcesBuildPhase section */

/* Begin PBXVariantGroup section */
		F95E903E2A94F86C00AA559D /* LaunchScreen.storyboard */ = {
			isa = PBXVariantGroup;
			children = (
				F95E903F2A94F86C00AA559D /* Base */,
			);
			name = LaunchScreen.storyboard;
			sourceTree = "<group>";
		};
/* End PBXVariantGroup section */

/* Begin XCBuildConfiguration section */
		F95E90422A94F86C00AA559D /* Debug */ = {
			isa = XCBuildConfiguration;
			buildSettings = {
				ALWAYS_SEARCH_USER_PATHS = NO;
				CLANG_ANALYZER_NONNULL = YES;
				CLANG_ANALYZER_NUMBER_OBJECT_CONVERSION = YES_AGGRESSIVE;
				CLANG_CXX_LANGUAGE_STANDARD = "gnu++20";
				CLANG_ENABLE_MODULES = YES;
				CLANG_ENABLE_OBJC_ARC = YES;
				CLANG_ENABLE_OBJC_WEAK = YES;
				CLANG_WARN_BLOCK_CAPTURE_AUTORELEASING = YES;
				CLANG_WARN_BOOL_CONVERSION = YES;
				CLANG_WARN_COMMA = YES;
				CLANG_WARN_CONSTANT_CONVERSION = YES;
				CLANG_WARN_DEPRECATED_OBJC_IMPLEMENTATIONS = YES;
				CLANG_WARN_DIRECT_OBJC_ISA_USAGE = YES_ERROR;
				CLANG_WARN_DOCUMENTATION_COMMENTS = YES;
				CLANG_WARN_EMPTY_BODY = YES;
				CLANG_WARN_ENUM_CONVERSION = YES;
				CLANG_WARN_INFINITE_RECURSION = YES;
				CLANG_WARN_INT_CONVERSION = YES;
				CLANG_WARN_NON_LITERAL_NULL_CONVERSION = YES;
				CLANG_WARN_OBJC_IMPLICIT_RETAIN_SELF = YES;
				CLANG_WARN_OBJC_LITERAL_CONVERSION = YES;
				CLANG_WARN_OBJC_ROOT_CLASS = YES_ERROR;
				CLANG_WARN_QUOTED_INCLUDE_IN_FRAMEWORK_HEADER = YES;
				CLANG_WARN_RANGE_LOOP_ANALYSIS = YES;
				CLANG_WARN_STRICT_PROTOTYPES = YES;
				CLANG_WARN_SUSPICIOUS_MOVE = YES;
				CLANG_WARN_UNGUARDED_AVAILABILITY = YES_AGGRESSIVE;
				CLANG_WARN_UNREACHABLE_CODE = YES;
				CLANG_WARN__DUPLICATE_METHOD_MATCH = YES;
				COPY_PHASE_STRIP = NO;
				DEBUG_INFORMATION_FORMAT = dwarf;
				ENABLE_STRICT_OBJC_MSGSEND = YES;
				ENABLE_TESTABILITY = YES;
				ENABLE_USER_SCRIPT_SANDBOXING = NO;
				GCC_C_LANGUAGE_STANDARD = gnu11;
				GCC_DYNAMIC_NO_PIC = NO;
				GCC_NO_COMMON_BLOCKS = YES;
				GCC_OPTIMIZATION_LEVEL = 0;
				GCC_PREPROCESSOR_DEFINITIONS = (
					"DEBUG=1",
					"$(inherited)",
				);
				GCC_WARN_64_TO_32_BIT_CONVERSION = YES;
				GCC_WARN_ABOUT_RETURN_TYPE = YES_ERROR;
				GCC_WARN_UNDECLARED_SELECTOR = YES;
				GCC_WARN_UNINITIALIZED_AUTOS = YES_AGGRESSIVE;
				GCC_WARN_UNUSED_FUNCTION = YES;
				GCC_WARN_UNUSED_VARIABLE = YES;
				IPHONEOS_DEPLOYMENT_TARGET = 13.0;
				MTL_ENABLE_DEBUG_INFO = INCLUDE_SOURCE;
				MTL_FAST_MATH = YES;
				ONLY_ACTIVE_ARCH = YES;
				SDKROOT = iphoneos;
				SWIFT_ACTIVE_COMPILATION_CONDITIONS = DEBUG;
				SWIFT_OPTIMIZATION_LEVEL = "-Onone";
			};
			name = Debug;
		};
		F95E90432A94F86C00AA559D /* Release */ = {
			isa = XCBuildConfiguration;
			buildSettings = {
				ALWAYS_SEARCH_USER_PATHS = NO;
				CLANG_ANALYZER_NONNULL = YES;
				CLANG_ANALYZER_NUMBER_OBJECT_CONVERSION = YES_AGGRESSIVE;
				CLANG_CXX_LANGUAGE_STANDARD = "gnu++20";
				CLANG_ENABLE_MODULES = YES;
				CLANG_ENABLE_OBJC_ARC = YES;
				CLANG_ENABLE_OBJC_WEAK = YES;
				CLANG_WARN_BLOCK_CAPTURE_AUTORELEASING = YES;
				CLANG_WARN_BOOL_CONVERSION = YES;
				CLANG_WARN_COMMA = YES;
				CLANG_WARN_CONSTANT_CONVERSION = YES;
				CLANG_WARN_DEPRECATED_OBJC_IMPLEMENTATIONS = YES;
				CLANG_WARN_DIRECT_OBJC_ISA_USAGE = YES_ERROR;
				CLANG_WARN_DOCUMENTATION_COMMENTS = YES;
				CLANG_WARN_EMPTY_BODY = YES;
				CLANG_WARN_ENUM_CONVERSION = YES;
				CLANG_WARN_INFINITE_RECURSION = YES;
				CLANG_WARN_INT_CONVERSION = YES;
				CLANG_WARN_NON_LITERAL_NULL_CONVERSION = YES;
				CLANG_WARN_OBJC_IMPLICIT_RETAIN_SELF = YES;
				CLANG_WARN_OBJC_LITERAL_CONVERSION = YES;
				CLANG_WARN_OBJC_ROOT_CLASS = YES_ERROR;
				CLANG_WARN_QUOTED_INCLUDE_IN_FRAMEWORK_HEADER = YES;
				CLANG_WARN_RANGE_LOOP_ANALYSIS = YES;
				CLANG_WARN_STRICT_PROTOTYPES = YES;
				CLANG_WARN_SUSPICIOUS_MOVE = YES;
				CLANG_WARN_UNGUARDED_AVAILABILITY = YES_AGGRESSIVE;
				CLANG_WARN_UNREACHABLE_CODE = YES;
				CLANG_WARN__DUPLICATE_METHOD_MATCH = YES;
				COPY_PHASE_STRIP = NO;
				DEBUG_INFORMATION_FORMAT = "dwarf-with-dsym";
				ENABLE_NS_ASSERTIONS = NO;
				ENABLE_STRICT_OBJC_MSGSEND = YES;
				ENABLE_USER_SCRIPT_SANDBOXING = NO;
				GCC_C_LANGUAGE_STANDARD = gnu11;
				GCC_NO_COMMON_BLOCKS = YES;
				GCC_WARN_64_TO_32_BIT_CONVERSION = YES;
				GCC_WARN_ABOUT_RETURN_TYPE = YES_ERROR;
				GCC_WARN_UNDECLARED_SELECTOR = YES;
				GCC_WARN_UNINITIALIZED_AUTOS = YES_AGGRESSIVE;
				GCC_WARN_UNUSED_FUNCTION = YES;
				GCC_WARN_UNUSED_VARIABLE = YES;
				IPHONEOS_DEPLOYMENT_TARGET = 13.0;
				MTL_ENABLE_DEBUG_INFO = NO;
				MTL_FAST_MATH = YES;
				SDKROOT = iphoneos;
				SWIFT_COMPILATION_MODE = wholemodule;
				SWIFT_OPTIMIZATION_LEVEL = "-O";
				VALIDATE_PRODUCT = YES;
			};
			name = Release;
		};
		F95E90452A94F86C00AA559D /* Debug */ = {
			isa = XCBuildConfiguration;
			baseConfigurationReference = 38B8A15BCF630B8E8168D8E9 /* Pods-Weather1.0.debug.xcconfig */;
			buildSettings = {
				ASSETCATALOG_COMPILER_APPICON_NAME = AppIcon;
				ASSETCATALOG_COMPILER_GLOBAL_ACCENT_COLOR_NAME = AccentColor;
				CODE_SIGN_STYLE = Automatic;
				CURRENT_PROJECT_VERSION = 1;
				DEVELOPMENT_TEAM = 53FDVL354X;
				GENERATE_INFOPLIST_FILE = YES;
				INFOPLIST_FILE = Weather1.0/Info.plist;
				INFOPLIST_KEY_LSApplicationCategoryType = "public.app-category.weather";
				INFOPLIST_KEY_UIApplicationSupportsIndirectInputEvents = YES;
				INFOPLIST_KEY_UILaunchStoryboardName = LaunchScreen;
				INFOPLIST_KEY_UIMainStoryboardFile = Main;
				INFOPLIST_KEY_UISupportedInterfaceOrientations_iPad = "UIInterfaceOrientationPortrait UIInterfaceOrientationPortraitUpsideDown UIInterfaceOrientationLandscapeLeft UIInterfaceOrientationLandscapeRight";
				INFOPLIST_KEY_UISupportedInterfaceOrientations_iPhone = "UIInterfaceOrientationPortrait UIInterfaceOrientationLandscapeLeft UIInterfaceOrientationLandscapeRight";
				LD_RUNPATH_SEARCH_PATHS = (
					"$(inherited)",
					"@executable_path/Frameworks",
				);
				MARKETING_VERSION = 1.0;
				PRODUCT_BUNDLE_IDENTIFIER = com.weather.lt;
				PRODUCT_NAME = "$(TARGET_NAME)";
				SUPPORTED_PLATFORMS = "iphoneos iphonesimulator";
				SUPPORTS_MACCATALYST = NO;
				SUPPORTS_MAC_DESIGNED_FOR_IPHONE_IPAD = NO;
				SWIFT_EMIT_LOC_STRINGS = YES;
				SWIFT_VERSION = 5.0;
				TARGETED_DEVICE_FAMILY = 1;
			};
			name = Debug;
		};
		F95E90462A94F86C00AA559D /* Release */ = {
			isa = XCBuildConfiguration;
			baseConfigurationReference = 8C4B1857CCD95EAC5E9587F7 /* Pods-Weather1.0.release.xcconfig */;
			buildSettings = {
				ASSETCATALOG_COMPILER_APPICON_NAME = AppIcon;
				ASSETCATALOG_COMPILER_GLOBAL_ACCENT_COLOR_NAME = AccentColor;
				CODE_SIGN_STYLE = Automatic;
				CURRENT_PROJECT_VERSION = 1;
				DEVELOPMENT_TEAM = 53FDVL354X;
				GENERATE_INFOPLIST_FILE = YES;
				INFOPLIST_FILE = Weather1.0/Info.plist;
				INFOPLIST_KEY_LSApplicationCategoryType = "public.app-category.weather";
				INFOPLIST_KEY_UIApplicationSupportsIndirectInputEvents = YES;
				INFOPLIST_KEY_UILaunchStoryboardName = LaunchScreen;
				INFOPLIST_KEY_UIMainStoryboardFile = Main;
				INFOPLIST_KEY_UISupportedInterfaceOrientations_iPad = "UIInterfaceOrientationPortrait UIInterfaceOrientationPortraitUpsideDown UIInterfaceOrientationLandscapeLeft UIInterfaceOrientationLandscapeRight";
				INFOPLIST_KEY_UISupportedInterfaceOrientations_iPhone = "UIInterfaceOrientationPortrait UIInterfaceOrientationLandscapeLeft UIInterfaceOrientationLandscapeRight";
				LD_RUNPATH_SEARCH_PATHS = (
					"$(inherited)",
					"@executable_path/Frameworks",
				);
				MARKETING_VERSION = 1.0;
				PRODUCT_BUNDLE_IDENTIFIER = com.weather.lt;
				PRODUCT_NAME = "$(TARGET_NAME)";
				SUPPORTED_PLATFORMS = "iphoneos iphonesimulator";
				SUPPORTS_MACCATALYST = NO;
				SUPPORTS_MAC_DESIGNED_FOR_IPHONE_IPAD = NO;
				SWIFT_EMIT_LOC_STRINGS = YES;
				SWIFT_VERSION = 5.0;
				TARGETED_DEVICE_FAMILY = 1;
			};
			name = Release;
		};
/* End XCBuildConfiguration section */

/* Begin XCConfigurationList section */
		F95E902B2A94F86B00AA559D /* Build configuration list for PBXProject "Weather1.0" */ = {
			isa = XCConfigurationList;
			buildConfigurations = (
				F95E90422A94F86C00AA559D /* Debug */,
				F95E90432A94F86C00AA559D /* Release */,
			);
			defaultConfigurationIsVisible = 0;
			defaultConfigurationName = Release;
		};
		F95E90442A94F86C00AA559D /* Build configuration list for PBXNativeTarget "Weather1.0" */ = {
			isa = XCConfigurationList;
			buildConfigurations = (
				F95E90452A94F86C00AA559D /* Debug */,
				F95E90462A94F86C00AA559D /* Release */,
			);
			defaultConfigurationIsVisible = 0;
			defaultConfigurationName = Release;
		};
/* End XCConfigurationList section */
	};
	rootObject = F95E90282A94F86B00AA559D /* Project object */;
}
