// !$*UTF8*$!
{
	archiveVersion = 1;
	classes = {
	};
	objectVersion = 56;
	objects = {

/* Begin PBXBuildFile section */
		F95E90342A94F86B00AA559D /* AppDelegate.swift in Sources */ = {isa = PBXBuildFile; fileRef = F95E90332A94F86B00AA559D /* AppDelegate.swift */; };
		F95E90362A94F86B00AA559D /* SceneDelegate.swift in Sources */ = {isa = PBXBuildFile; fileRef = F95E90352A94F86B00AA559D /* SceneDelegate.swift */; };
		F95E903D2A94F86C00AA559D /* Assets.xcassets in Resources */ = {isa = PBXBuildFile; fileRef = F95E903C2A94F86C00AA559D /* Assets.xcassets */; };
		F95E90402A94F86C00AA559D /* LaunchScreen.storyboard in Resources */ = {isa = PBXBuildFile; fileRef = F95E903E2A94F86C00AA559D /* LaunchScreen.storyboard */; };
		F9D52A152A965D3300127FF3 /* WeatherApi.swift in Sources */ = {isa = PBXBuildFile; fileRef = F9D52A142A965D3300127FF3 /* WeatherApi.swift */; };
		F9D52A192A96655900127FF3 /* WeatherNetworkManager.swift in Sources */ = {isa = PBXBuildFile; fileRef = F9D52A182A96655900127FF3 /* WeatherNetworkManager.swift */; };
/* End PBXBuildFile section */

/* Begin PBXFileReference section */
		F95E90302A94F86B00AA559D /* Weather1.0.app */ = {isa = PBXFileReference; explicitFileType = wrapper.application; includeInIndex = 0; path = Weather1.0.app; sourceTree = BUILT_PRODUCTS_DIR; };
		F95E90332A94F86B00AA559D /* AppDelegate.swift */ = {isa = PBXFileReference; lastKnownFileType = sourcecode.swift; path = AppDelegate.swift; sourceTree = "<group>"; };
		F95E90352A94F86B00AA559D /* SceneDelegate.swift */ = {isa = PBXFileReference; lastKnownFileType = sourcecode.swift; path = SceneDelegate.swift; sourceTree = "<group>"; };
		F95E903C2A94F86C00AA559D /* Assets.xcassets */ = {isa = PBXFileReference; lastKnownFileType = folder.assetcatalog; path = Assets.xcassets; sourceTree = "<group>"; };
		F95E903F2A94F86C00AA559D /* Base */ = {isa = PBXFileReference; lastKnownFileType = file.storyboard; name = Base; path = Base.lproj/LaunchScreen.storyboard; sourceTree = "<group>"; };
		F95E90412A94F86C00AA559D /* Info.plist */ = {isa = PBXFileReference; lastKnownFileType = text.plist.xml; path = Info.plist; sourceTree = "<group>"; };
		F9D52A142A965D3300127FF3 /* WeatherApi.swift */ = {isa = PBXFileReference; lastKnownFileType = sourcecode.swift; path = WeatherApi.swift; sourceTree = "<group>"; };
		F9D52A182A96655900127FF3 /* WeatherNetworkManager.swift */ = {isa = PBXFileReference; lastKnownFileType = sourcecode.swift; path = WeatherNetworkManager.swift; sourceTree = "<group>"; };
/* End PBXFileReference section */

/* Begin PBXFrameworksBuildPhase section */
		F95E902D2A94F86B00AA559D /* Frameworks */ = {
			isa = PBXFrameworksBuildPhase;
			buildActionMask = 2147483647;
			files = (
			);
			runOnlyForDeploymentPostprocessing = 0;
		};
/* End PBXFrameworksBuildPhase section */

/* Begin PBXGroup section */
		F95E90272A94F86B00AA559D = {
			isa = PBXGroup;
			children = (
				F95E90322A94F86B00AA559D /* Weather1.0 */,
				F95E90312A94F86B00AA559D /* Products */,
			);
			sourceTree = "<group>";
		};
		F95E90312A94F86B00AA559D /* Products */ = {
			isa = PBXGroup;
			children = (
				F95E90302A94F86B00AA559D /* Weather1.0.app */,
			);
			name = Products;
			sourceTree = "<group>";
		};
		F95E90322A94F86B00AA559D /* Weather1.0 */ = {
			isa = PBXGroup;
			children = (
				F95E90472A94FAE700AA559D /* Models */,
				F95E90482A94FAF100AA559D /* Views */,
				F95E90492A94FB0200AA559D /* ViewModel */,
				F95E90332A94F86B00AA559D /* AppDelegate.swift */,
				F95E90352A94F86B00AA559D /* SceneDelegate.swift */,
				F95E903C2A94F86C00AA559D /* Assets.xcassets */,
				F95E903E2A94F86C00AA559D /* LaunchScreen.storyboard */,
				F95E90412A94F86C00AA559D /* Info.plist */,
			);
			path = Weather1.0;
			sourceTree = "<group>";
		};
		F95E90472A94FAE700AA559D /* Models */ = {
			isa = PBXGroup;
			children = (
				F9D52A132A965CDB00127FF3 /* Networking */,
			);
			path = Models;
			sourceTree = "<group>";
		};
		F95E90482A94FAF100AA559D /* Views */ = {
			isa = PBXGroup;
			children = (
			);
			path = Views;
			sourceTree = "<group>";
		};
		F95E90492A94FB0200AA559D /* ViewModel */ = {
			isa = PBXGroup;
			children = (
			);
			path = ViewModel;
			sourceTree = "<group>";
		};
		F9D52A132A965CDB00127FF3 /* Networking */ = {
			isa = PBXGroup;
			children = (
				F9D52A172A96653E00127FF3 /* NetworkManagers */,
				F9D52A162A96652800127FF3 /* ApiEndpoints */,
			);
			path = Networking;
			sourceTree = "<group>";
		};
		F9D52A162A96652800127FF3 /* ApiEndpoints */ = {
			isa = PBXGroup;
			children = (
				F9D52A142A965D3300127FF3 /* WeatherApi.swift */,
			);
			path = ApiEndpoints;
			sourceTree = "<group>";
		};
		F9D52A172A96653E00127FF3 /* NetworkManagers */ = {
			isa = PBXGroup;
			children = (
				F9D52A182A96655900127FF3 /* WeatherNetworkManager.swift */,
			);
			path = NetworkManagers;
			sourceTree = "<group>";
		};
/* End PBXGroup section */

/* Begin PBXNativeTarget section */
		F95E902F2A94F86B00AA559D /* Weather1.0 */ = {
			isa = PBXNativeTarget;
			buildConfigurationList = F95E90442A94F86C00AA559D /* Build configuration list for PBXNativeTarget "Weather1.0" */;
			buildPhases = (
				F95E902C2A94F86B00AA559D /* Sources */,
				F95E902D2A94F86B00AA559D /* Frameworks */,
				F95E902E2A94F86B00AA559D /* Resources */,
			);
			buildRules = (
			);
			dependencies = (
			);
			name = Weather1.0;
			productName = Weather1.0;
			productReference = F95E90302A94F86B00AA559D /* Weather1.0.app */;
			productType = "com.apple.product-type.application";
		};
/* End PBXNativeTarget section */

/* Begin PBXProject section */
		F95E90282A94F86B00AA559D /* Project object */ = {
			isa = PBXProject;
			attributes = {
				BuildIndependentTargetsInParallel = 1;
				LastSwiftUpdateCheck = 1430;
				LastUpgradeCheck = 1430;
				TargetAttributes = {
					F95E902F2A94F86B00AA559D = {
						CreatedOnToolsVersion = 14.3.1;
					};
				};
			};
			buildConfigurationList = F95E902B2A94F86B00AA559D /* Build configuration list for PBXProject "Weather1.0" */;
			compatibilityVersion = "Xcode 14.0";
			developmentRegion = en;
			hasScannedForEncodings = 0;
			knownRegions = (
				en,
				Base,
			);
			mainGroup = F95E90272A94F86B00AA559D;
			productRefGroup = F95E90312A94F86B00AA559D /* Products */;
			projectDirPath = "";
			projectRoot = "";
			targets = (
				F95E902F2A94F86B00AA559D /* Weather1.0 */,
			);
		};
/* End PBXProject section */

/* Begin PBXResourcesBuildPhase section */
		F95E902E2A94F86B00AA559D /* Resources */ = {
			isa = PBXResourcesBuildPhase;
			buildActionMask = 2147483647;
			files = (
				F95E90402A94F86C00AA559D /* LaunchScreen.storyboard in Resources */,
				F95E903D2A94F86C00AA559D /* Assets.xcassets in Resources */,
			);
			runOnlyForDeploymentPostprocessing = 0;
		};
/* End PBXResourcesBuildPhase section */

/* Begin PBXSourcesBuildPhase section */
		F95E902C2A94F86B00AA559D /* Sources */ = {
			isa = PBXSourcesBuildPhase;
			buildActionMask = 2147483647;
			files = (
				F95E90342A94F86B00AA559D /* AppDelegate.swift in Sources */,
				F95E90362A94F86B00AA559D /* SceneDelegate.swift in Sources */,
				F9D52A152A965D3300127FF3 /* WeatherApi.swift in Sources */,
				F9D52A192A96655900127FF3 /* WeatherNetworkManager.swift in Sources */,
			);
			runOnlyForDeploymentPostprocessing = 0;
		};
/* End PBXSourcesBuildPhase section */

/* Begin PBXVariantGroup section */
		F95E903E2A94F86C00AA559D /* LaunchScreen.storyboard */ = {
			isa = PBXVariantGroup;
			children = (
				F95E903F2A94F86C00AA559D /* Base */,
			);
			name = LaunchScreen.storyboard;
			sourceTree = "<group>";
		};
/* End PBXVariantGroup section */

/* Begin XCBuildConfiguration section */
		F95E90422A94F86C00AA559D /* Debug */ = {
			isa = XCBuildConfiguration;
			buildSettings = {
				ALWAYS_SEARCH_USER_PATHS = NO;
				CLANG_ANALYZER_NONNULL = YES;
				CLANG_ANALYZER_NUMBER_OBJECT_CONVERSION = YES_AGGRESSIVE;
				CLANG_CXX_LANGUAGE_STANDARD = "gnu++20";
				CLANG_ENABLE_MODULES = YES;
				CLANG_ENABLE_OBJC_ARC = YES;
				CLANG_ENABLE_OBJC_WEAK = YES;
				CLANG_WARN_BLOCK_CAPTURE_AUTORELEASING = YES;
				CLANG_WARN_BOOL_CONVERSION = YES;
				CLANG_WARN_COMMA = YES;
				CLANG_WARN_CONSTANT_CONVERSION = YES;
				CLANG_WARN_DEPRECATED_OBJC_IMPLEMENTATIONS = YES;
				CLANG_WARN_DIRECT_OBJC_ISA_USAGE = YES_ERROR;
				CLANG_WARN_DOCUMENTATION_COMMENTS = YES;
				CLANG_WARN_EMPTY_BODY = YES;
				CLANG_WARN_ENUM_CONVERSION = YES;
				CLANG_WARN_INFINITE_RECURSION = YES;
				CLANG_WARN_INT_CONVERSION = YES;
				CLANG_WARN_NON_LITERAL_NULL_CONVERSION = YES;
				CLANG_WARN_OBJC_IMPLICIT_RETAIN_SELF = YES;
				CLANG_WARN_OBJC_LITERAL_CONVERSION = YES;
				CLANG_WARN_OBJC_ROOT_CLASS = YES_ERROR;
				CLANG_WARN_QUOTED_INCLUDE_IN_FRAMEWORK_HEADER = YES;
				CLANG_WARN_RANGE_LOOP_ANALYSIS = YES;
				CLANG_WARN_STRICT_PROTOTYPES = YES;
				CLANG_WARN_SUSPICIOUS_MOVE = YES;
				CLANG_WARN_UNGUARDED_AVAILABILITY = YES_AGGRESSIVE;
				CLANG_WARN_UNREACHABLE_CODE = YES;
				CLANG_WARN__DUPLICATE_METHOD_MATCH = YES;
				COPY_PHASE_STRIP = NO;
				DEBUG_INFORMATION_FORMAT = dwarf;
				ENABLE_STRICT_OBJC_MSGSEND = YES;
				ENABLE_TESTABILITY = YES;
				GCC_C_LANGUAGE_STANDARD = gnu11;
				GCC_DYNAMIC_NO_PIC = NO;
				GCC_NO_COMMON_BLOCKS = YES;
				GCC_OPTIMIZATION_LEVEL = 0;
				GCC_PREPROCESSOR_DEFINITIONS = (
					"DEBUG=1",
					"$(inherited)",
				);
				GCC_WARN_64_TO_32_BIT_CONVERSION = YES;
				GCC_WARN_ABOUT_RETURN_TYPE = YES_ERROR;
				GCC_WARN_UNDECLARED_SELECTOR = YES;
				GCC_WARN_UNINITIALIZED_AUTOS = YES_AGGRESSIVE;
				GCC_WARN_UNUSED_FUNCTION = YES;
				GCC_WARN_UNUSED_VARIABLE = YES;
				IPHONEOS_DEPLOYMENT_TARGET = 16.4;
				MTL_ENABLE_DEBUG_INFO = INCLUDE_SOURCE;
				MTL_FAST_MATH = YES;
				ONLY_ACTIVE_ARCH = YES;
				SDKROOT = iphoneos;
				SWIFT_ACTIVE_COMPILATION_CONDITIONS = DEBUG;
				SWIFT_OPTIMIZATION_LEVEL = "-Onone";
			};
			name = Debug;
		};
		F95E90432A94F86C00AA559D /* Release */ = {
			isa = XCBuildConfiguration;
			buildSettings = {
				ALWAYS_SEARCH_USER_PATHS = NO;
				CLANG_ANALYZER_NONNULL = YES;
				CLANG_ANALYZER_NUMBER_OBJECT_CONVERSION = YES_AGGRESSIVE;
				CLANG_CXX_LANGUAGE_STANDARD = "gnu++20";
				CLANG_ENABLE_MODULES = YES;
				CLANG_ENABLE_OBJC_ARC = YES;
				CLANG_ENABLE_OBJC_WEAK = YES;
				CLANG_WARN_BLOCK_CAPTURE_AUTORELEASING = YES;
				CLANG_WARN_BOOL_CONVERSION = YES;
				CLANG_WARN_COMMA = YES;
				CLANG_WARN_CONSTANT_CONVERSION = YES;
				CLANG_WARN_DEPRECATED_OBJC_IMPLEMENTATIONS = YES;
				CLANG_WARN_DIRECT_OBJC_ISA_USAGE = YES_ERROR;
				CLANG_WARN_DOCUMENTATION_COMMENTS = YES;
				CLANG_WARN_EMPTY_BODY = YES;
				CLANG_WARN_ENUM_CONVERSION = YES;
				CLANG_WARN_INFINITE_RECURSION = YES;
				CLANG_WARN_INT_CONVERSION = YES;
				CLANG_WARN_NON_LITERAL_NULL_CONVERSION = YES;
				CLANG_WARN_OBJC_IMPLICIT_RETAIN_SELF = YES;
				CLANG_WARN_OBJC_LITERAL_CONVERSION = YES;
				CLANG_WARN_OBJC_ROOT_CLASS = YES_ERROR;
				CLANG_WARN_QUOTED_INCLUDE_IN_FRAMEWORK_HEADER = YES;
				CLANG_WARN_RANGE_LOOP_ANALYSIS = YES;
				CLANG_WARN_STRICT_PROTOTYPES = YES;
				CLANG_WARN_SUSPICIOUS_MOVE = YES;
				CLANG_WARN_UNGUARDED_AVAILABILITY = YES_AGGRESSIVE;
				CLANG_WARN_UNREACHABLE_CODE = YES;
				CLANG_WARN__DUPLICATE_METHOD_MATCH = YES;
				COPY_PHASE_STRIP = NO;
				DEBUG_INFORMATION_FORMAT = "dwarf-with-dsym";
				ENABLE_NS_ASSERTIONS = NO;
				ENABLE_STRICT_OBJC_MSGSEND = YES;
				GCC_C_LANGUAGE_STANDARD = gnu11;
				GCC_NO_COMMON_BLOCKS = YES;
				GCC_WARN_64_TO_32_BIT_CONVERSION = YES;
				GCC_WARN_ABOUT_RETURN_TYPE = YES_ERROR;
				GCC_WARN_UNDECLARED_SELECTOR = YES;
				GCC_WARN_UNINITIALIZED_AUTOS = YES_AGGRESSIVE;
				GCC_WARN_UNUSED_FUNCTION = YES;
				GCC_WARN_UNUSED_VARIABLE = YES;
				IPHONEOS_DEPLOYMENT_TARGET = 16.4;
				MTL_ENABLE_DEBUG_INFO = NO;
				MTL_FAST_MATH = YES;
				SDKROOT = iphoneos;
				SWIFT_COMPILATION_MODE = wholemodule;
				SWIFT_OPTIMIZATION_LEVEL = "-O";
				VALIDATE_PRODUCT = YES;
			};
			name = Release;
		};
		F95E90452A94F86C00AA559D /* Debug */ = {
			isa = XCBuildConfiguration;
			buildSettings = {
				ASSETCATALOG_COMPILER_APPICON_NAME = AppIcon;
				ASSETCATALOG_COMPILER_GLOBAL_ACCENT_COLOR_NAME = AccentColor;
				CODE_SIGN_STYLE = Automatic;
				CURRENT_PROJECT_VERSION = 1;
				DEVELOPMENT_TEAM = 53FDVL354X;
				GENERATE_INFOPLIST_FILE = YES;
				INFOPLIST_FILE = Weather1.0/Info.plist;
				INFOPLIST_KEY_UIApplicationSupportsIndirectInputEvents = YES;
				INFOPLIST_KEY_UILaunchStoryboardName = LaunchScreen;
				INFOPLIST_KEY_UIMainStoryboardFile = Main;
				INFOPLIST_KEY_UISupportedInterfaceOrientations_iPad = "UIInterfaceOrientationPortrait UIInterfaceOrientationPortraitUpsideDown UIInterfaceOrientationLandscapeLeft UIInterfaceOrientationLandscapeRight";
				INFOPLIST_KEY_UISupportedInterfaceOrientations_iPhone = "UIInterfaceOrientationPortrait UIInterfaceOrientationLandscapeLeft UIInterfaceOrientationLandscapeRight";
				LD_RUNPATH_SEARCH_PATHS = (
					"$(inherited)",
					"@executable_path/Frameworks",
				);
				MARKETING_VERSION = 1.0;
				PRODUCT_BUNDLE_IDENTIFIER = com.weather.lt;
				PRODUCT_NAME = "$(TARGET_NAME)";
				SWIFT_EMIT_LOC_STRINGS = YES;
				SWIFT_VERSION = 5.0;
				TARGETED_DEVICE_FAMILY = "1,2";
			};
			name = Debug;
		};
		F95E90462A94F86C00AA559D /* Release */ = {
			isa = XCBuildConfiguration;
			buildSettings = {
				ASSETCATALOG_COMPILER_APPICON_NAME = AppIcon;
				ASSETCATALOG_COMPILER_GLOBAL_ACCENT_COLOR_NAME = AccentColor;
				CODE_SIGN_STYLE = Automatic;
				CURRENT_PROJECT_VERSION = 1;
				DEVELOPMENT_TEAM = 53FDVL354X;
				GENERATE_INFOPLIST_FILE = YES;
				INFOPLIST_FILE = Weather1.0/Info.plist;
				INFOPLIST_KEY_UIApplicationSupportsIndirectInputEvents = YES;
				INFOPLIST_KEY_UILaunchStoryboardName = LaunchScreen;
				INFOPLIST_KEY_UIMainStoryboardFile = Main;
				INFOPLIST_KEY_UISupportedInterfaceOrientations_iPad = "UIInterfaceOrientationPortrait UIInterfaceOrientationPortraitUpsideDown UIInterfaceOrientationLandscapeLeft UIInterfaceOrientationLandscapeRight";
				INFOPLIST_KEY_UISupportedInterfaceOrientations_iPhone = "UIInterfaceOrientationPortrait UIInterfaceOrientationLandscapeLeft UIInterfaceOrientationLandscapeRight";
				LD_RUNPATH_SEARCH_PATHS = (
					"$(inherited)",
					"@executable_path/Frameworks",
				);
				MARKETING_VERSION = 1.0;
				PRODUCT_BUNDLE_IDENTIFIER = com.weather.lt;
				PRODUCT_NAME = "$(TARGET_NAME)";
				SWIFT_EMIT_LOC_STRINGS = YES;
				SWIFT_VERSION = 5.0;
				TARGETED_DEVICE_FAMILY = "1,2";
			};
			name = Release;
		};
/* End XCBuildConfiguration section */

/* Begin XCConfigurationList section */
		F95E902B2A94F86B00AA559D /* Build configuration list for PBXProject "Weather1.0" */ = {
			isa = XCConfigurationList;
			buildConfigurations = (
				F95E90422A94F86C00AA559D /* Debug */,
				F95E90432A94F86C00AA559D /* Release */,
			);
			defaultConfigurationIsVisible = 0;
			defaultConfigurationName = Release;
		};
		F95E90442A94F86C00AA559D /* Build configuration list for PBXNativeTarget "Weather1.0" */ = {
			isa = XCConfigurationList;
			buildConfigurations = (
				F95E90452A94F86C00AA559D /* Debug */,
				F95E90462A94F86C00AA559D /* Release */,
			);
			defaultConfigurationIsVisible = 0;
			defaultConfigurationName = Release;
		};
/* End XCConfigurationList section */
	};
	rootObject = F95E90282A94F86B00AA559D /* Project object */;
}
